<?xml version="1.0" encoding="utf-8"?>
<Project ToolsVersion="4.0" xmlns="http://schemas.microsoft.com/developer/msbuild/2003">
  <ItemGroup>
    <Filter Include="Source Files">
      <UniqueIdentifier>{4FC737F1-C7A5-4376-A066-2A32D752A2FF}</UniqueIdentifier>
      <Extensions>cpp;c;cc;cxx;c++;cppm;ixx;def;odl;idl;hpj;bat;asm;asmx</Extensions>
    </Filter>
    <Filter Include="Header Files">
      <UniqueIdentifier>{93995380-89BD-4b04-88EB-625FBE52EBFB}</UniqueIdentifier>
      <Extensions>h;hh;hpp;hxx;h++;hm;inl;inc;ipp;xsd</Extensions>
    </Filter>
    <Filter Include="Resource Files">
      <UniqueIdentifier>{67DA6AB6-F800-4c08-8B7A-83BB121AAD01}</UniqueIdentifier>
      <Extensions>rc;ico;cur;bmp;dlg;rc2;rct;bin;rgs;gif;jpg;jpeg;jpe;resx;tiff;tif;png;wav;mfcribbon-ms</Extensions>
    </Filter>
    <Filter Include="Sample outputs">
      <UniqueIdentifier>{ecb6a862-0534-47af-abb8-62463ba49264}</UniqueIdentifier>
    </Filter>
  </ItemGroup>
  <ItemGroup>
    <ClCompile Include="TSSessions.cpp">
      <Filter>Source Files</Filter>
    </ClCompile>
    <ClCompile Include="SysErrorMessage.cpp">
      <Filter>Source Files</Filter>
    </ClCompile>
    <ClCompile Include="WinstaDesktop.cpp">
      <Filter>Source Files</Filter>
    </ClCompile>
    <ClCompile Include="CSid.cpp">
      <Filter>Source Files</Filter>
    </ClCompile>
    <ClCompile Include="MachineSid.cpp">
      <Filter>Source Files</Filter>
    </ClCompile>
    <ClCompile Include="SecurityDescriptorUtils.cpp">
      <Filter>Source Files</Filter>
    </ClCompile>
    <ClCompile Include="HeapMem.cpp">
      <Filter>Source Files</Filter>
    </ClCompile>
    <ClCompile Include="SecurityUtils.cpp">
      <Filter>Source Files</Filter>
    </ClCompile>
    <ClCompile Include="SidStrings.cpp">
      <Filter>Source Files</Filter>
    </ClCompile>
    <ClCompile Include="WhoAmI.cpp">
      <Filter>Source Files</Filter>
    </ClCompile>
    <ClCompile Include="DbgOut.cpp">
      <Filter>Source Files</Filter>
    </ClCompile>
    <ClCompile Include="FileOutput.cpp">
      <Filter>Source Files</Filter>
    </ClCompile>
    <ClCompile Include="StringUtils.cpp">
      <Filter>Source Files</Filter>
    </ClCompile>
    <ClCompile Include="WofstreamManager.cpp">
      <Filter>Source Files</Filter>
    </ClCompile>
    <ClCompile Include="TerminalSessions.cpp">
      <Filter>Source Files</Filter>
    </ClCompile>
    <ClCompile Include="Token.cpp">
      <Filter>Source Files</Filter>
    </ClCompile>
  </ItemGroup>
  <ItemGroup>
    <ClInclude Include="HEX.h">
      <Filter>Header Files</Filter>
    </ClInclude>
    <ClInclude Include="SysErrorMessage.h">
      <Filter>Header Files</Filter>
    </ClInclude>
    <ClInclude Include="WinstaDesktop.h">
      <Filter>Header Files</Filter>
    </ClInclude>
    <ClInclude Include="CSid.h">
      <Filter>Header Files</Filter>
    </ClInclude>
    <ClInclude Include="MachineSid.h">
      <Filter>Header Files</Filter>
    </ClInclude>
    <ClInclude Include="SecurityDescriptorUtils.h">
      <Filter>Header Files</Filter>
    </ClInclude>
    <ClInclude Include="HeapMem.h">
      <Filter>Header Files</Filter>
    </ClInclude>
    <ClInclude Include="SecurityUtils.h">
      <Filter>Header Files</Filter>
    </ClInclude>
    <ClInclude Include="SidStrings.h">
      <Filter>Header Files</Filter>
    </ClInclude>
    <ClInclude Include="WhoAmI.h">
      <Filter>Header Files</Filter>
    </ClInclude>
    <ClInclude Include="DbgOut.h">
      <Filter>Header Files</Filter>
    </ClInclude>
    <ClInclude Include="FileOutput.h">
      <Filter>Header Files</Filter>
    </ClInclude>
    <ClInclude Include="StringUtils.h">
      <Filter>Header Files</Filter>
    </ClInclude>
    <ClInclude Include="WofstreamManager.h">
      <Filter>Header Files</Filter>
    </ClInclude>
    <ClInclude Include="Wow64FsRedirection.h">
      <Filter>Header Files</Filter>
    </ClInclude>
    <ClInclude Include="TerminalSessions.h">
      <Filter>Header Files</Filter>
    </ClInclude>
    <ClInclude Include="Token.h">
      <Filter>Header Files</Filter>
    </ClInclude>
    <ClInclude Include="resource.h">
      <Filter>Header Files</Filter>
    </ClInclude>
  </ItemGroup>
  <ItemGroup>
    <ResourceCompile Include="TSSessions.rc">
      <Filter>Resource Files</Filter>
    </ResourceCompile>
  </ItemGroup>
  <ItemGroup>
    <None Include="LICENSE" />
    <None Include="README.md" />
  </ItemGroup>
  <ItemGroup>
    <Text Include="Sample outputs\tssessions.txt">
      <Filter>Sample outputs</Filter>
    </Text>
    <Text Include="Sample outputs\tssessions-p.txt">
      <Filter>Sample outputs</Filter>
    </Text>
    <Text Include="Sample outputs\tssessions-sd.txt">
      <Filter>Sample outputs</Filter>
    </Text>
    <Text Include="Sample outputs\tssessions-sy-session0.txt">
      <Filter>Sample outputs</Filter>
    </Text>
    <Text Include="Sample outputs\tssessions-w.txt">
      <Filter>Sample outputs</Filter>
    </Text>
  </ItemGroup>
</Project>